{
  "name": "frontend",
  "lockfileVersion": 3,
  "requires": true,
  "packages": {
    "": {
      "dependencies": {
        "full-stack-mern-note-app": "file:.."
      }
    },
    "..": {
      "name": "full-stack-mern-note-app",
      "version": "1.0.0",
      "license": "ISC"
    },
    "node_modules/full-stack-mern-note-app": {
      "resolved": "..",
      "link": true
    }
  }
}
